
Microsoft Visual Studio Solution File, Format Version 12.00
# Visual Studio Version 16
VisualStudioVersion = 16.0.31624.102
MinimumVisualStudioVersion = 10.0.40219.1
Project("{FAE04EC0-301F-11D3-BF4B-00C04F79EFBC}") = "AgricultureManagementSystem", "AgricultureManagementSystem\AgricultureManagementSystem.csproj", "{2365A79C-9435-44AC-B2DB-80BFF3162C30}"
EndProject
Global
	GlobalSection(SolutionConfigurationPlatforms) = preSolution
		Debug|Any CPU = Debug|Any CPU
		Release|Any CPU = Release|Any CPU
	EndGlobalSection
	GlobalSection(ProjectConfigurationPlatforms) = postSolution
		{2365A79C-9435-44AC-B2DB-80BFF3162C30}.Debug|Any CPU.ActiveCfg = Debug|Any CPU
		{2365A79C-9435-44AC-B2DB-80BFF3162C30}.Debug|Any CPU.Build.0 = Debug|Any CPU
		{2365A79C-9435-44AC-B2DB-80BFF3162C30}.Release|Any CPU.ActiveCfg = Release|Any CPU
		{2365A79C-9435-44AC-B2DB-80BFF3162C30}.Release|Any CPU.Build.0 = Release|Any CPU
	EndGlobalSection
	GlobalSection(SolutionProperties) = preSolution
		HideSolutionNode = FALSE
	EndGlobalSection
	GlobalSection(ExtensibilityGlobals) = postSolution
		SolutionGuid = {DA39AF94-88EE-467C-8E57-186299304899}
	EndGlobalSection
EndGlobal
